
Microsoft Visual Studio Solution File, Format Version 12.00
# Visual Studio Version 17
VisualStudioVersion = 17.0.31903.59
MinimumVisualStudioVersion = 10.0.40219.1
Project("{FAE04EC0-301F-11D3-BF4B-00C04F79EFBC}") = "Diet.Tracking.API", "Diet.Tracking.API\Diet.Tracking.API.csproj", "{524170B2-1893-4498-89C1-DFBA378FC39A}"
EndProject
Project("{FAE04EC0-301F-11D3-BF4B-00C04F79EFBC}") = "Diet.Tracking.API.Domain", "Diet.Tracking.API.Domain\Diet.Tracking.API.Domain.csproj", "{BE3B74D5-F32C-422F-B568-5E1F3AC2C3CE}"
EndProject
Project("{FAE04EC0-301F-11D3-BF4B-00C04F79EFBC}") = "Diet.Tracking.API.Services", "Diet.Tracking.API.Services\Diet.Tracking.API.Services.csproj", "{6B71D414-8E93-422F-9229-EB3A59440A48}"
EndProject
Project("{FAE04EC0-301F-11D3-BF4B-00C04F79EFBC}") = "Diet.Tracking.API.Abstractions", "Diet.Tracking.API.Abstractions\Diet.Tracking.API.Abstractions.csproj", "{77075364-4C78-44EF-A76D-89C8A9E11F3F}"
EndProject
Project("{FAE04EC0-301F-11D3-BF4B-00C04F79EFBC}") = "Diet.Tracking.API.Common", "Diet.Tracking.API.Common\Diet.Tracking.API.Common.csproj", "{7BE7BBF0-AD1E-49CC-B9D7-B129499A0105}"
EndProject
Global
	GlobalSection(SolutionConfigurationPlatforms) = preSolution
		Debug|Any CPU = Debug|Any CPU
		Release|Any CPU = Release|Any CPU
	EndGlobalSection
	GlobalSection(SolutionProperties) = preSolution
		HideSolutionNode = FALSE
	EndGlobalSection
	GlobalSection(ProjectConfigurationPlatforms) = postSolution
		{524170B2-1893-4498-89C1-DFBA378FC39A}.Debug|Any CPU.ActiveCfg = Debug|Any CPU
		{524170B2-1893-4498-89C1-DFBA378FC39A}.Debug|Any CPU.Build.0 = Debug|Any CPU
		{524170B2-1893-4498-89C1-DFBA378FC39A}.Release|Any CPU.ActiveCfg = Release|Any CPU
		{524170B2-1893-4498-89C1-DFBA378FC39A}.Release|Any CPU.Build.0 = Release|Any CPU
		{BE3B74D5-F32C-422F-B568-5E1F3AC2C3CE}.Debug|Any CPU.ActiveCfg = Debug|Any CPU
		{BE3B74D5-F32C-422F-B568-5E1F3AC2C3CE}.Debug|Any CPU.Build.0 = Debug|Any CPU
		{BE3B74D5-F32C-422F-B568-5E1F3AC2C3CE}.Release|Any CPU.ActiveCfg = Release|Any CPU
		{BE3B74D5-F32C-422F-B568-5E1F3AC2C3CE}.Release|Any CPU.Build.0 = Release|Any CPU
		{6B71D414-8E93-422F-9229-EB3A59440A48}.Debug|Any CPU.ActiveCfg = Debug|Any CPU
		{6B71D414-8E93-422F-9229-EB3A59440A48}.Debug|Any CPU.Build.0 = Debug|Any CPU
		{6B71D414-8E93-422F-9229-EB3A59440A48}.Release|Any CPU.ActiveCfg = Release|Any CPU
		{6B71D414-8E93-422F-9229-EB3A59440A48}.Release|Any CPU.Build.0 = Release|Any CPU
		{77075364-4C78-44EF-A76D-89C8A9E11F3F}.Debug|Any CPU.ActiveCfg = Debug|Any CPU
		{77075364-4C78-44EF-A76D-89C8A9E11F3F}.Debug|Any CPU.Build.0 = Debug|Any CPU
		{77075364-4C78-44EF-A76D-89C8A9E11F3F}.Release|Any CPU.ActiveCfg = Release|Any CPU
		{77075364-4C78-44EF-A76D-89C8A9E11F3F}.Release|Any CPU.Build.0 = Release|Any CPU
		{7BE7BBF0-AD1E-49CC-B9D7-B129499A0105}.Debug|Any CPU.ActiveCfg = Debug|Any CPU
		{7BE7BBF0-AD1E-49CC-B9D7-B129499A0105}.Debug|Any CPU.Build.0 = Debug|Any CPU
		{7BE7BBF0-AD1E-49CC-B9D7-B129499A0105}.Release|Any CPU.ActiveCfg = Release|Any CPU
		{7BE7BBF0-AD1E-49CC-B9D7-B129499A0105}.Release|Any CPU.Build.0 = Release|Any CPU
	EndGlobalSection
EndGlobal
